
Microsoft Visual Studio Solution File, Format Version 12.00
# Visual Studio Version 16
VisualStudioVersion = 16.0.29424.173
MinimumVisualStudioVersion = 10.0.40219.1
Project("{FAE04EC0-301F-11D3-BF4B-00C04F79EFBC}") = "Lame_age_printer", "Lame_age_printer.csproj", "{607EEA0D-009A-4816-84FC-83339A7A51C7}"
EndProject
Global
	GlobalSection(SolutionConfigurationPlatforms) = preSolution
		Debug|Any CPU = Debug|Any CPU
		Release|Any CPU = Release|Any CPU
	EndGlobalSection
	GlobalSection(ProjectConfigurationPlatforms) = postSolution
		{607EEA0D-009A-4816-84FC-83339A7A51C7}.Debug|Any CPU.ActiveCfg = Debug|Any CPU
		{607EEA0D-009A-4816-84FC-83339A7A51C7}.Debug|Any CPU.Build.0 = Debug|Any CPU
		{607EEA0D-009A-4816-84FC-83339A7A51C7}.Release|Any CPU.ActiveCfg = Release|Any CPU
		{607EEA0D-009A-4816-84FC-83339A7A51C7}.Release|Any CPU.Build.0 = Release|Any CPU
	EndGlobalSection
	GlobalSection(SolutionProperties) = preSolution
		HideSolutionNode = FALSE
	EndGlobalSection
	GlobalSection(ExtensibilityGlobals) = postSolution
		SolutionGuid = {96079C3D-030F-4BC6-91CA-6E513673EC0C}
	EndGlobalSection
EndGlobal
